
Microsoft Visual Studio Solution File, Format Version 12.00
# Visual Studio Version 17
VisualStudioVersion = 17.1.32210.238
MinimumVisualStudioVersion = 10.0.40219.1
Project("{FAE04EC0-301F-11D3-BF4B-00C04F79EFBC}") = "LearnAspNetCoreRestAPIV5", "LearnAspNetCoreRestAPIV5\LearnAspNetCoreRestAPIV5.csproj", "{23420C37-846A-4D18-A5D3-8ADCD09EFE54}"
EndProject
Global
	GlobalSection(SolutionConfigurationPlatforms) = preSolution
		Debug|Any CPU = Debug|Any CPU
		Release|Any CPU = Release|Any CPU
	EndGlobalSection
	GlobalSection(ProjectConfigurationPlatforms) = postSolution
		{23420C37-846A-4D18-A5D3-8ADCD09EFE54}.Debug|Any CPU.ActiveCfg = Debug|Any CPU
		{23420C37-846A-4D18-A5D3-8ADCD09EFE54}.Debug|Any CPU.Build.0 = Debug|Any CPU
		{23420C37-846A-4D18-A5D3-8ADCD09EFE54}.Release|Any CPU.ActiveCfg = Release|Any CPU
		{23420C37-846A-4D18-A5D3-8ADCD09EFE54}.Release|Any CPU.Build.0 = Release|Any CPU
	EndGlobalSection
	GlobalSection(SolutionProperties) = preSolution
		HideSolutionNode = FALSE
	EndGlobalSection
	GlobalSection(ExtensibilityGlobals) = postSolution
		SolutionGuid = {3C7C1729-E23B-449A-A93C-539DFA432D53}
	EndGlobalSection
EndGlobal
