
Microsoft Visual Studio Solution File, Format Version 12.00
# Visual Studio Version 17
VisualStudioVersion = 17.4.33213.308
MinimumVisualStudioVersion = 10.0.40219.1
Project("{FAE04EC0-301F-11D3-BF4B-00C04F79EFBC}") = "LearnAddSwaggerDemob01", "LearnAddSwaggerDemob01\LearnAddSwaggerDemob01.csproj", "{D2815AFA-100A-48B7-944B-61DC2E7CFA74}"
EndProject
Global
	GlobalSection(SolutionConfigurationPlatforms) = preSolution
		Debug|Any CPU = Debug|Any CPU
		Release|Any CPU = Release|Any CPU
	EndGlobalSection
	GlobalSection(ProjectConfigurationPlatforms) = postSolution
		{D2815AFA-100A-48B7-944B-61DC2E7CFA74}.Debug|Any CPU.ActiveCfg = Debug|Any CPU
		{D2815AFA-100A-48B7-944B-61DC2E7CFA74}.Debug|Any CPU.Build.0 = Debug|Any CPU
		{D2815AFA-100A-48B7-944B-61DC2E7CFA74}.Release|Any CPU.ActiveCfg = Release|Any CPU
		{D2815AFA-100A-48B7-944B-61DC2E7CFA74}.Release|Any CPU.Build.0 = Release|Any CPU
	EndGlobalSection
	GlobalSection(SolutionProperties) = preSolution
		HideSolutionNode = FALSE
	EndGlobalSection
	GlobalSection(ExtensibilityGlobals) = postSolution
		SolutionGuid = {7F58FD1D-633F-4470-896B-7B97516E1004}
	EndGlobalSection
EndGlobal
